
Microsoft Visual Studio Solution File, Format Version 12.00
# Visual Studio 2013
VisualStudioVersion = 12.0.30501.0
MinimumVisualStudioVersion = 10.0.40219.1
Project("{FAE04EC0-301F-11D3-BF4B-00C04F79EFBC}") = "ChatServer", "ChatServer\ChatServer.csproj", "{0376AF79-1940-4C0B-8B5E-15F02E940027}"
EndProject
Project("{FAE04EC0-301F-11D3-BF4B-00C04F79EFBC}") = "ChatClient", "ChatClient\ChatClient.csproj", "{B98A17C8-F82E-456B-BD0F-34B2CE431AE7}"
EndProject
Global
	GlobalSection(SolutionConfigurationPlatforms) = preSolution
		Debug|Any CPU = Debug|Any CPU
		Release|Any CPU = Release|Any CPU
	EndGlobalSection
	GlobalSection(ProjectConfigurationPlatforms) = postSolution
		{0376AF79-1940-4C0B-8B5E-15F02E940027}.Debug|Any CPU.ActiveCfg = Debug|Any CPU
		{0376AF79-1940-4C0B-8B5E-15F02E940027}.Debug|Any CPU.Build.0 = Debug|Any CPU
		{0376AF79-1940-4C0B-8B5E-15F02E940027}.Release|Any CPU.ActiveCfg = Release|Any CPU
		{0376AF79-1940-4C0B-8B5E-15F02E940027}.Release|Any CPU.Build.0 = Release|Any CPU
		{B98A17C8-F82E-456B-BD0F-34B2CE431AE7}.Debug|Any CPU.ActiveCfg = Debug|Any CPU
		{B98A17C8-F82E-456B-BD0F-34B2CE431AE7}.Debug|Any CPU.Build.0 = Debug|Any CPU
		{B98A17C8-F82E-456B-BD0F-34B2CE431AE7}.Release|Any CPU.ActiveCfg = Release|Any CPU
		{B98A17C8-F82E-456B-BD0F-34B2CE431AE7}.Release|Any CPU.Build.0 = Release|Any CPU
	EndGlobalSection
	GlobalSection(SolutionProperties) = preSolution
		HideSolutionNode = FALSE
	EndGlobalSection
EndGlobal
